
Microsoft Visual Studio Solution File, Format Version 12.00
# Visual Studio Version 17
VisualStudioVersion = 17.5.33530.505
MinimumVisualStudioVersion = 10.0.40219.1
Project("{FAE04EC0-301F-11D3-BF4B-00C04F79EFBC}") = "Snake", "Snake.csproj", "{DB318DBB-3652-4274-8D4E-CA2B0B1E3495}"
EndProject
Global
	GlobalSection(SolutionConfigurationPlatforms) = preSolution
		Debug|Any CPU = Debug|Any CPU
		Release|Any CPU = Release|Any CPU
	EndGlobalSection
	GlobalSection(ProjectConfigurationPlatforms) = postSolution
		{DB318DBB-3652-4274-8D4E-CA2B0B1E3495}.Debug|Any CPU.ActiveCfg = Debug|Any CPU
		{DB318DBB-3652-4274-8D4E-CA2B0B1E3495}.Debug|Any CPU.Build.0 = Debug|Any CPU
		{DB318DBB-3652-4274-8D4E-CA2B0B1E3495}.Release|Any CPU.ActiveCfg = Release|Any CPU
		{DB318DBB-3652-4274-8D4E-CA2B0B1E3495}.Release|Any CPU.Build.0 = Release|Any CPU
	EndGlobalSection
	GlobalSection(SolutionProperties) = preSolution
		HideSolutionNode = FALSE
	EndGlobalSection
	GlobalSection(ExtensibilityGlobals) = postSolution
		SolutionGuid = {A1D29E5B-2ECD-4070-A11F-A69E324DE879}
	EndGlobalSection
EndGlobal
