
Microsoft Visual Studio Solution File, Format Version 12.00
# Visual Studio Version 17
VisualStudioVersion = 17.5.33530.505
MinimumVisualStudioVersion = 10.0.40219.1
Project("{FAE04EC0-301F-11D3-BF4B-00C04F79EFBC}") = "CalculatorApp.Android", "CalculatorApp.Android\CalculatorApp.Android.csproj", "{A5B6E0E5-7FD1-4CF8-89C2-94E50BEC8AA4}"
EndProject
Project("{FAE04EC0-301F-11D3-BF4B-00C04F79EFBC}") = "CalculatorApp", "CalculatorApp\CalculatorApp.csproj", "{F031FBAD-73DC-46B2-B9AD-775AEC2982C7}"
EndProject
Global
	GlobalSection(SolutionConfigurationPlatforms) = preSolution
		Debug|Any CPU = Debug|Any CPU
		Release|Any CPU = Release|Any CPU
	EndGlobalSection
	GlobalSection(ProjectConfigurationPlatforms) = postSolution
		{A5B6E0E5-7FD1-4CF8-89C2-94E50BEC8AA4}.Debug|Any CPU.ActiveCfg = Debug|Any CPU
		{A5B6E0E5-7FD1-4CF8-89C2-94E50BEC8AA4}.Debug|Any CPU.Build.0 = Debug|Any CPU
		{A5B6E0E5-7FD1-4CF8-89C2-94E50BEC8AA4}.Debug|Any CPU.Deploy.0 = Debug|Any CPU
		{A5B6E0E5-7FD1-4CF8-89C2-94E50BEC8AA4}.Release|Any CPU.ActiveCfg = Release|Any CPU
		{A5B6E0E5-7FD1-4CF8-89C2-94E50BEC8AA4}.Release|Any CPU.Build.0 = Release|Any CPU
		{A5B6E0E5-7FD1-4CF8-89C2-94E50BEC8AA4}.Release|Any CPU.Deploy.0 = Release|Any CPU
		{F031FBAD-73DC-46B2-B9AD-775AEC2982C7}.Debug|Any CPU.ActiveCfg = Debug|Any CPU
		{F031FBAD-73DC-46B2-B9AD-775AEC2982C7}.Debug|Any CPU.Build.0 = Debug|Any CPU
		{F031FBAD-73DC-46B2-B9AD-775AEC2982C7}.Debug|Any CPU.Deploy.0 = Debug|Any CPU
		{F031FBAD-73DC-46B2-B9AD-775AEC2982C7}.Release|Any CPU.ActiveCfg = Release|Any CPU
		{F031FBAD-73DC-46B2-B9AD-775AEC2982C7}.Release|Any CPU.Build.0 = Release|Any CPU
		{F031FBAD-73DC-46B2-B9AD-775AEC2982C7}.Release|Any CPU.Deploy.0 = Release|Any CPU
	EndGlobalSection
	GlobalSection(SolutionProperties) = preSolution
		HideSolutionNode = FALSE
	EndGlobalSection
	GlobalSection(ExtensibilityGlobals) = postSolution
		SolutionGuid = {1E3552B1-E12E-4202-8821-769CD670F826}
	EndGlobalSection
EndGlobal
